{
  "nodes": {
    "flake-utils": {
      "locked": {
        "lastModified": 1631561581,
        "narHash": "sha256-3VQMV5zvxaVLvqqUrNz3iJelLw30mIVSfZmAaauM3dA=",
        "owner": "numtide",
        "repo": "flake-utils",
        "rev": "7e5bf3925f6fbdfaf50a2a7ca0be2879c4261d19",
        "type": "github"
      },
      "original": {
        "owner": "numtide",
        "repo": "flake-utils",
        "type": "github"
      }
    },
    "flake-utils_2": {
      "locked": {
        "lastModified": 1631561581,
        "narHash": "sha256-3VQMV5zvxaVLvqqUrNz3iJelLw30mIVSfZmAaauM3dA=",
        "owner": "numtide",
        "repo": "flake-utils",
        "rev": "7e5bf3925f6fbdfaf50a2a7ca0be2879c4261d19",
        "type": "github"
      },
      "original": {
        "owner": "numtide",
        "repo": "flake-utils",
        "type": "github"
      }
    },
    "naersk": {
      "inputs": {
        "nixpkgs": [
          "utils",
          "nixpkgs"
        ]
      },
      "locked": {
        "lastModified": 1618844365,
        "narHash": "sha256-Z9t0rr+5OG/ru3jdg3jivfYVU4ydV/nqt8UwIut7uHs=",
        "owner": "yatima-inc",
        "repo": "naersk",
        "rev": "32e3ba39d9d83098b13720a4384bdda191dd0445",
        "type": "github"
      },
      "original": {
        "owner": "yatima-inc",
        "repo": "naersk",
        "type": "github"
      }
    },
    "nixpkgs": {
      "locked": {
        "lastModified": 1634236605,
        "narHash": "sha256-EYqCZGlmcYVAhiK5LkmEaRXFbg9ceTV4ho9BBCCTcYA=",
        "owner": "nixos",
        "repo": "nixpkgs",
        "rev": "13b2a8a11856ab8ba50d83a8431084724490b34e",
        "type": "github"
      },
      "original": {
        "owner": "nixos",
        "repo": "nixpkgs",
        "type": "github"
      }
    },
    "root": {
      "inputs": {
        "flake-utils": "flake-utils",
        "nixpkgs": "nixpkgs",
        "utils": "utils"
      }
    },
    "utils": {
      "inputs": {
        "flake-utils": "flake-utils_2",
        "naersk": "naersk",
        "nixpkgs": [
          "nixpkgs"
        ]
      },
      "locked": {
        "lastModified": 1634237493,
        "narHash": "sha256-kVqB9ZdfWdfh7Cw71KtcV2pDNlSybxG2WshGMnHdXxQ=",
        "owner": "yatima-inc",
        "repo": "nix-utils",
        "rev": "e4e10de1fb3dfdafcf4e47fdd70eb34df8f826d1",
        "type": "github"
      },
      "original": {
        "owner": "yatima-inc",
        "repo": "nix-utils",
        "type": "github"
      }
    }
  },
  "root": "root",
  "version": 7
}
